
Microsoft Visual Studio Solution File, Format Version 12.00
# Visual Studio Version 17
VisualStudioVersion = 17.12.35527.113
MinimumVisualStudioVersion = 10.0.40219.1
Project("{FAE04EC0-301F-11D3-BF4B-00C04F79EFBC}") = "AdvancedC#03", "AdvancedC#03\AdvancedC#03.csproj", "{69EE4775-EF28-48B0-9EE0-1CD9459ED936}"
EndProject
Project("{FAE04EC0-301F-11D3-BF4B-00C04F79EFBC}") = "Assignment", "Assignment\Assignment.csproj", "{DBD89A24-DB63-4724-8679-1C8D298CA982}"
EndProject
Global
	GlobalSection(SolutionConfigurationPlatforms) = preSolution
		Debug|Any CPU = Debug|Any CPU
		Release|Any CPU = Release|Any CPU
	EndGlobalSection
	GlobalSection(ProjectConfigurationPlatforms) = postSolution
		{69EE4775-EF28-48B0-9EE0-1CD9459ED936}.Debug|Any CPU.ActiveCfg = Debug|Any CPU
		{69EE4775-EF28-48B0-9EE0-1CD9459ED936}.Debug|Any CPU.Build.0 = Debug|Any CPU
		{69EE4775-EF28-48B0-9EE0-1CD9459ED936}.Release|Any CPU.ActiveCfg = Release|Any CPU
		{69EE4775-EF28-48B0-9EE0-1CD9459ED936}.Release|Any CPU.Build.0 = Release|Any CPU
		{DBD89A24-DB63-4724-8679-1C8D298CA982}.Debug|Any CPU.ActiveCfg = Debug|Any CPU
		{DBD89A24-DB63-4724-8679-1C8D298CA982}.Debug|Any CPU.Build.0 = Debug|Any CPU
		{DBD89A24-DB63-4724-8679-1C8D298CA982}.Release|Any CPU.ActiveCfg = Release|Any CPU
		{DBD89A24-DB63-4724-8679-1C8D298CA982}.Release|Any CPU.Build.0 = Release|Any CPU
	EndGlobalSection
	GlobalSection(SolutionProperties) = preSolution
		HideSolutionNode = FALSE
	EndGlobalSection
EndGlobal
